
Microsoft Visual Studio Solution File, Format Version 12.00
# Visual Studio Version 16
VisualStudioVersion = 16.0.32002.261
MinimumVisualStudioVersion = 10.0.40219.1
Project("{9A19103F-16F7-4668-BE54-9A1E7A4F7556}") = "Event_Tracker_API", "Event_Tracker_API.csproj", "{D3F595FB-5BD8-4BBD-8CC9-81FB1F3110BB}"
EndProject
Global
	GlobalSection(SolutionConfigurationPlatforms) = preSolution
		Debug|Any CPU = Debug|Any CPU
		Release|Any CPU = Release|Any CPU
	EndGlobalSection
	GlobalSection(ProjectConfigurationPlatforms) = postSolution
		{D3F595FB-5BD8-4BBD-8CC9-81FB1F3110BB}.Debug|Any CPU.ActiveCfg = Debug|Any CPU
		{D3F595FB-5BD8-4BBD-8CC9-81FB1F3110BB}.Debug|Any CPU.Build.0 = Debug|Any CPU
		{D3F595FB-5BD8-4BBD-8CC9-81FB1F3110BB}.Release|Any CPU.ActiveCfg = Release|Any CPU
		{D3F595FB-5BD8-4BBD-8CC9-81FB1F3110BB}.Release|Any CPU.Build.0 = Release|Any CPU
	EndGlobalSection
	GlobalSection(SolutionProperties) = preSolution
		HideSolutionNode = FALSE
	EndGlobalSection
	GlobalSection(ExtensibilityGlobals) = postSolution
		SolutionGuid = {0ECD3C01-5C0C-4B0D-A8D3-23937EAC0644}
	EndGlobalSection
EndGlobal
